
Microsoft Visual Studio Solution File, Format Version 12.00
# Visual Studio Version 16
VisualStudioVersion = 16.0.29613.14
MinimumVisualStudioVersion = 10.0.40219.1
Project("{FAE04EC0-301F-11D3-BF4B-00C04F79EFBC}") = "IntelligentHabitacion.App.Android", "IntelligentHabitacion.App.Android\IntelligentHabitacion.App.Android.csproj", "{0DF6CE87-7EF8-4FB7-9F5E-593825862A03}"
EndProject
Project("{FAE04EC0-301F-11D3-BF4B-00C04F79EFBC}") = "IntelligentHabitacion.App.iOS", "IntelligentHabitacion.App.iOS\IntelligentHabitacion.App.iOS.csproj", "{9B503306-0FAB-4125-94A0-E2C74E88E67F}"
EndProject
Project("{9A19103F-16F7-4668-BE54-9A1E7A4F7556}") = "IntelligentHabitacion.App", "IntelligentHabitacion.App\IntelligentHabitacion.App.csproj", "{14012B9D-1150-43F2-8E2B-C238135FEEE0}"
EndProject
Project("{9A19103F-16F7-4668-BE54-9A1E7A4F7556}") = "IntelligentHabitacion.Exception", "IntelligentHabitacion.Exception\IntelligentHabitacion.Exception.csproj", "{CEA33520-0CFE-402B-9394-941030786EC1}"
EndProject
Project("{2150E333-8FDC-42A3-9474-1A3956D46DE8}") = "Solution Items", "Solution Items", "{8FBED826-5BE0-4C10-B2EF-794FE5D4D425}"
	ProjectSection(SolutionItems) = preProject
		.editorconfig = .editorconfig
	EndProjectSection
EndProject
Project("{9A19103F-16F7-4668-BE54-9A1E7A4F7556}") = "IntelligentHabitacion.Communication", "IntelligentHabitacion.Communication\IntelligentHabitacion.Communication.csproj", "{28CDBB21-5116-46E4-8352-3C0E68D0C342}"
EndProject
Project("{9A19103F-16F7-4668-BE54-9A1E7A4F7556}") = "IntelligentHabitacion.Validators", "IntelligentHabitacion.Validators\IntelligentHabitacion.Validators.csproj", "{2BFA1B36-24ED-45A1-81EF-0BDD16B678C7}"
EndProject
Project("{9A19103F-16F7-4668-BE54-9A1E7A4F7556}") = "IntelligentHabitacion.Useful", "IntelligentHabitacion.Useful\IntelligentHabitacion.Useful.csproj", "{5963E9C6-7423-4EA9-8552-93C7489599EF}"
EndProject
Project("{FAE04EC0-301F-11D3-BF4B-00C04F79EFBC}") = "IntelligentHabitacion.Api", "IntelligentHabitacion.Api\IntelligentHabitacion.Api.csproj", "{5E3CF783-84DB-405D-B2FE-91A43CDA3F54}"
EndProject
Global
	GlobalSection(SolutionConfigurationPlatforms) = preSolution
		Debug|Any CPU = Debug|Any CPU
		Debug|iPhone = Debug|iPhone
		Debug|iPhoneSimulator = Debug|iPhoneSimulator
		Release|Any CPU = Release|Any CPU
		Release|iPhone = Release|iPhone
		Release|iPhoneSimulator = Release|iPhoneSimulator
	EndGlobalSection
	GlobalSection(ProjectConfigurationPlatforms) = postSolution
		{0DF6CE87-7EF8-4FB7-9F5E-593825862A03}.Debug|Any CPU.ActiveCfg = Debug|Any CPU
		{0DF6CE87-7EF8-4FB7-9F5E-593825862A03}.Debug|Any CPU.Build.0 = Debug|Any CPU
		{0DF6CE87-7EF8-4FB7-9F5E-593825862A03}.Debug|Any CPU.Deploy.0 = Debug|Any CPU
		{0DF6CE87-7EF8-4FB7-9F5E-593825862A03}.Debug|iPhone.ActiveCfg = Debug|Any CPU
		{0DF6CE87-7EF8-4FB7-9F5E-593825862A03}.Debug|iPhone.Build.0 = Debug|Any CPU
		{0DF6CE87-7EF8-4FB7-9F5E-593825862A03}.Debug|iPhone.Deploy.0 = Debug|Any CPU
		{0DF6CE87-7EF8-4FB7-9F5E-593825862A03}.Debug|iPhoneSimulator.ActiveCfg = Debug|Any CPU
		{0DF6CE87-7EF8-4FB7-9F5E-593825862A03}.Debug|iPhoneSimulator.Build.0 = Debug|Any CPU
		{0DF6CE87-7EF8-4FB7-9F5E-593825862A03}.Debug|iPhoneSimulator.Deploy.0 = Debug|Any CPU
		{0DF6CE87-7EF8-4FB7-9F5E-593825862A03}.Release|Any CPU.ActiveCfg = Release|Any CPU
		{0DF6CE87-7EF8-4FB7-9F5E-593825862A03}.Release|Any CPU.Build.0 = Release|Any CPU
		{0DF6CE87-7EF8-4FB7-9F5E-593825862A03}.Release|Any CPU.Deploy.0 = Release|Any CPU
		{0DF6CE87-7EF8-4FB7-9F5E-593825862A03}.Release|iPhone.ActiveCfg = Release|Any CPU
		{0DF6CE87-7EF8-4FB7-9F5E-593825862A03}.Release|iPhone.Build.0 = Release|Any CPU
		{0DF6CE87-7EF8-4FB7-9F5E-593825862A03}.Release|iPhone.Deploy.0 = Release|Any CPU
		{0DF6CE87-7EF8-4FB7-9F5E-593825862A03}.Release|iPhoneSimulator.ActiveCfg = Release|Any CPU
		{0DF6CE87-7EF8-4FB7-9F5E-593825862A03}.Release|iPhoneSimulator.Build.0 = Release|Any CPU
		{0DF6CE87-7EF8-4FB7-9F5E-593825862A03}.Release|iPhoneSimulator.Deploy.0 = Release|Any CPU
		{9B503306-0FAB-4125-94A0-E2C74E88E67F}.Debug|Any CPU.ActiveCfg = Debug|iPhoneSimulator
		{9B503306-0FAB-4125-94A0-E2C74E88E67F}.Debug|Any CPU.Build.0 = Debug|iPhoneSimulator
		{9B503306-0FAB-4125-94A0-E2C74E88E67F}.Debug|Any CPU.Deploy.0 = Debug|iPhoneSimulator
		{9B503306-0FAB-4125-94A0-E2C74E88E67F}.Debug|iPhone.ActiveCfg = Debug|iPhone
		{9B503306-0FAB-4125-94A0-E2C74E88E67F}.Debug|iPhone.Build.0 = Debug|iPhone
		{9B503306-0FAB-4125-94A0-E2C74E88E67F}.Debug|iPhone.Deploy.0 = Debug|iPhone
		{9B503306-0FAB-4125-94A0-E2C74E88E67F}.Debug|iPhoneSimulator.ActiveCfg = Debug|iPhoneSimulator
		{9B503306-0FAB-4125-94A0-E2C74E88E67F}.Debug|iPhoneSimulator.Build.0 = Debug|iPhoneSimulator
		{9B503306-0FAB-4125-94A0-E2C74E88E67F}.Debug|iPhoneSimulator.Deploy.0 = Debug|iPhoneSimulator
		{9B503306-0FAB-4125-94A0-E2C74E88E67F}.Release|Any CPU.ActiveCfg = Release|iPhone
		{9B503306-0FAB-4125-94A0-E2C74E88E67F}.Release|Any CPU.Build.0 = Release|iPhone
		{9B503306-0FAB-4125-94A0-E2C74E88E67F}.Release|Any CPU.Deploy.0 = Release|iPhone
		{9B503306-0FAB-4125-94A0-E2C74E88E67F}.Release|iPhone.ActiveCfg = Release|iPhone
		{9B503306-0FAB-4125-94A0-E2C74E88E67F}.Release|iPhone.Build.0 = Release|iPhone
		{9B503306-0FAB-4125-94A0-E2C74E88E67F}.Release|iPhone.Deploy.0 = Release|iPhone
		{9B503306-0FAB-4125-94A0-E2C74E88E67F}.Release|iPhoneSimulator.ActiveCfg = Release|iPhoneSimulator
		{9B503306-0FAB-4125-94A0-E2C74E88E67F}.Release|iPhoneSimulator.Build.0 = Release|iPhoneSimulator
		{9B503306-0FAB-4125-94A0-E2C74E88E67F}.Release|iPhoneSimulator.Deploy.0 = Release|iPhoneSimulator
		{14012B9D-1150-43F2-8E2B-C238135FEEE0}.Debug|Any CPU.ActiveCfg = Debug|Any CPU
		{14012B9D-1150-43F2-8E2B-C238135FEEE0}.Debug|Any CPU.Build.0 = Debug|Any CPU
		{14012B9D-1150-43F2-8E2B-C238135FEEE0}.Debug|Any CPU.Deploy.0 = Debug|Any CPU
		{14012B9D-1150-43F2-8E2B-C238135FEEE0}.Debug|iPhone.ActiveCfg = Debug|Any CPU
		{14012B9D-1150-43F2-8E2B-C238135FEEE0}.Debug|iPhone.Build.0 = Debug|Any CPU
		{14012B9D-1150-43F2-8E2B-C238135FEEE0}.Debug|iPhone.Deploy.0 = Debug|Any CPU
		{14012B9D-1150-43F2-8E2B-C238135FEEE0}.Debug|iPhoneSimulator.ActiveCfg = Debug|Any CPU
		{14012B9D-1150-43F2-8E2B-C238135FEEE0}.Debug|iPhoneSimulator.Build.0 = Debug|Any CPU
		{14012B9D-1150-43F2-8E2B-C238135FEEE0}.Debug|iPhoneSimulator.Deploy.0 = Debug|Any CPU
		{14012B9D-1150-43F2-8E2B-C238135FEEE0}.Release|Any CPU.ActiveCfg = Release|Any CPU
		{14012B9D-1150-43F2-8E2B-C238135FEEE0}.Release|Any CPU.Build.0 = Release|Any CPU
		{14012B9D-1150-43F2-8E2B-C238135FEEE0}.Release|Any CPU.Deploy.0 = Release|Any CPU
		{14012B9D-1150-43F2-8E2B-C238135FEEE0}.Release|iPhone.ActiveCfg = Release|Any CPU
		{14012B9D-1150-43F2-8E2B-C238135FEEE0}.Release|iPhone.Build.0 = Release|Any CPU
		{14012B9D-1150-43F2-8E2B-C238135FEEE0}.Release|iPhone.Deploy.0 = Release|Any CPU
		{14012B9D-1150-43F2-8E2B-C238135FEEE0}.Release|iPhoneSimulator.ActiveCfg = Release|Any CPU
		{14012B9D-1150-43F2-8E2B-C238135FEEE0}.Release|iPhoneSimulator.Build.0 = Release|Any CPU
		{14012B9D-1150-43F2-8E2B-C238135FEEE0}.Release|iPhoneSimulator.Deploy.0 = Release|Any CPU
		{CEA33520-0CFE-402B-9394-941030786EC1}.Debug|Any CPU.ActiveCfg = Debug|Any CPU
		{CEA33520-0CFE-402B-9394-941030786EC1}.Debug|Any CPU.Build.0 = Debug|Any CPU
		{CEA33520-0CFE-402B-9394-941030786EC1}.Debug|iPhone.ActiveCfg = Debug|Any CPU
		{CEA33520-0CFE-402B-9394-941030786EC1}.Debug|iPhone.Build.0 = Debug|Any CPU
		{CEA33520-0CFE-402B-9394-941030786EC1}.Debug|iPhoneSimulator.ActiveCfg = Debug|Any CPU
		{CEA33520-0CFE-402B-9394-941030786EC1}.Debug|iPhoneSimulator.Build.0 = Debug|Any CPU
		{CEA33520-0CFE-402B-9394-941030786EC1}.Release|Any CPU.ActiveCfg = Release|Any CPU
		{CEA33520-0CFE-402B-9394-941030786EC1}.Release|Any CPU.Build.0 = Release|Any CPU
		{CEA33520-0CFE-402B-9394-941030786EC1}.Release|iPhone.ActiveCfg = Release|Any CPU
		{CEA33520-0CFE-402B-9394-941030786EC1}.Release|iPhone.Build.0 = Release|Any CPU
		{CEA33520-0CFE-402B-9394-941030786EC1}.Release|iPhoneSimulator.ActiveCfg = Release|Any CPU
		{CEA33520-0CFE-402B-9394-941030786EC1}.Release|iPhoneSimulator.Build.0 = Release|Any CPU
		{28CDBB21-5116-46E4-8352-3C0E68D0C342}.Debug|Any CPU.ActiveCfg = Debug|Any CPU
		{28CDBB21-5116-46E4-8352-3C0E68D0C342}.Debug|Any CPU.Build.0 = Debug|Any CPU
		{28CDBB21-5116-46E4-8352-3C0E68D0C342}.Debug|iPhone.ActiveCfg = Debug|Any CPU
		{28CDBB21-5116-46E4-8352-3C0E68D0C342}.Debug|iPhone.Build.0 = Debug|Any CPU
		{28CDBB21-5116-46E4-8352-3C0E68D0C342}.Debug|iPhoneSimulator.ActiveCfg = Debug|Any CPU
		{28CDBB21-5116-46E4-8352-3C0E68D0C342}.Debug|iPhoneSimulator.Build.0 = Debug|Any CPU
		{28CDBB21-5116-46E4-8352-3C0E68D0C342}.Release|Any CPU.ActiveCfg = Release|Any CPU
		{28CDBB21-5116-46E4-8352-3C0E68D0C342}.Release|Any CPU.Build.0 = Release|Any CPU
		{28CDBB21-5116-46E4-8352-3C0E68D0C342}.Release|iPhone.ActiveCfg = Release|Any CPU
		{28CDBB21-5116-46E4-8352-3C0E68D0C342}.Release|iPhone.Build.0 = Release|Any CPU
		{28CDBB21-5116-46E4-8352-3C0E68D0C342}.Release|iPhoneSimulator.ActiveCfg = Release|Any CPU
		{28CDBB21-5116-46E4-8352-3C0E68D0C342}.Release|iPhoneSimulator.Build.0 = Release|Any CPU
		{2BFA1B36-24ED-45A1-81EF-0BDD16B678C7}.Debug|Any CPU.ActiveCfg = Debug|Any CPU
		{2BFA1B36-24ED-45A1-81EF-0BDD16B678C7}.Debug|Any CPU.Build.0 = Debug|Any CPU
		{2BFA1B36-24ED-45A1-81EF-0BDD16B678C7}.Debug|iPhone.ActiveCfg = Debug|Any CPU
		{2BFA1B36-24ED-45A1-81EF-0BDD16B678C7}.Debug|iPhone.Build.0 = Debug|Any CPU
		{2BFA1B36-24ED-45A1-81EF-0BDD16B678C7}.Debug|iPhoneSimulator.ActiveCfg = Debug|Any CPU
		{2BFA1B36-24ED-45A1-81EF-0BDD16B678C7}.Debug|iPhoneSimulator.Build.0 = Debug|Any CPU
		{2BFA1B36-24ED-45A1-81EF-0BDD16B678C7}.Release|Any CPU.ActiveCfg = Release|Any CPU
		{2BFA1B36-24ED-45A1-81EF-0BDD16B678C7}.Release|Any CPU.Build.0 = Release|Any CPU
		{2BFA1B36-24ED-45A1-81EF-0BDD16B678C7}.Release|iPhone.ActiveCfg = Release|Any CPU
		{2BFA1B36-24ED-45A1-81EF-0BDD16B678C7}.Release|iPhone.Build.0 = Release|Any CPU
		{2BFA1B36-24ED-45A1-81EF-0BDD16B678C7}.Release|iPhoneSimulator.ActiveCfg = Release|Any CPU
		{2BFA1B36-24ED-45A1-81EF-0BDD16B678C7}.Release|iPhoneSimulator.Build.0 = Release|Any CPU
		{5963E9C6-7423-4EA9-8552-93C7489599EF}.Debug|Any CPU.ActiveCfg = Debug|Any CPU
		{5963E9C6-7423-4EA9-8552-93C7489599EF}.Debug|Any CPU.Build.0 = Debug|Any CPU
		{5963E9C6-7423-4EA9-8552-93C7489599EF}.Debug|iPhone.ActiveCfg = Debug|Any CPU
		{5963E9C6-7423-4EA9-8552-93C7489599EF}.Debug|iPhone.Build.0 = Debug|Any CPU
		{5963E9C6-7423-4EA9-8552-93C7489599EF}.Debug|iPhoneSimulator.ActiveCfg = Debug|Any CPU
		{5963E9C6-7423-4EA9-8552-93C7489599EF}.Debug|iPhoneSimulator.Build.0 = Debug|Any CPU
		{5963E9C6-7423-4EA9-8552-93C7489599EF}.Release|Any CPU.ActiveCfg = Release|Any CPU
		{5963E9C6-7423-4EA9-8552-93C7489599EF}.Release|Any CPU.Build.0 = Release|Any CPU
		{5963E9C6-7423-4EA9-8552-93C7489599EF}.Release|iPhone.ActiveCfg = Release|Any CPU
		{5963E9C6-7423-4EA9-8552-93C7489599EF}.Release|iPhone.Build.0 = Release|Any CPU
		{5963E9C6-7423-4EA9-8552-93C7489599EF}.Release|iPhoneSimulator.ActiveCfg = Release|Any CPU
		{5963E9C6-7423-4EA9-8552-93C7489599EF}.Release|iPhoneSimulator.Build.0 = Release|Any CPU
		{5E3CF783-84DB-405D-B2FE-91A43CDA3F54}.Debug|Any CPU.ActiveCfg = Debug|Any CPU
		{5E3CF783-84DB-405D-B2FE-91A43CDA3F54}.Debug|Any CPU.Build.0 = Debug|Any CPU
		{5E3CF783-84DB-405D-B2FE-91A43CDA3F54}.Debug|iPhone.ActiveCfg = Debug|Any CPU
		{5E3CF783-84DB-405D-B2FE-91A43CDA3F54}.Debug|iPhone.Build.0 = Debug|Any CPU
		{5E3CF783-84DB-405D-B2FE-91A43CDA3F54}.Debug|iPhoneSimulator.ActiveCfg = Debug|Any CPU
		{5E3CF783-84DB-405D-B2FE-91A43CDA3F54}.Debug|iPhoneSimulator.Build.0 = Debug|Any CPU
		{5E3CF783-84DB-405D-B2FE-91A43CDA3F54}.Release|Any CPU.ActiveCfg = Release|Any CPU
		{5E3CF783-84DB-405D-B2FE-91A43CDA3F54}.Release|Any CPU.Build.0 = Release|Any CPU
		{5E3CF783-84DB-405D-B2FE-91A43CDA3F54}.Release|iPhone.ActiveCfg = Release|Any CPU
		{5E3CF783-84DB-405D-B2FE-91A43CDA3F54}.Release|iPhone.Build.0 = Release|Any CPU
		{5E3CF783-84DB-405D-B2FE-91A43CDA3F54}.Release|iPhoneSimulator.ActiveCfg = Release|Any CPU
		{5E3CF783-84DB-405D-B2FE-91A43CDA3F54}.Release|iPhoneSimulator.Build.0 = Release|Any CPU
	EndGlobalSection
	GlobalSection(SolutionProperties) = preSolution
		HideSolutionNode = FALSE
	EndGlobalSection
	GlobalSection(ExtensibilityGlobals) = postSolution
		SolutionGuid = {B4C3A8FD-B903-400C-8409-C06B85C1B1AD}
	EndGlobalSection
EndGlobal
